
Microsoft Visual Studio Solution File, Format Version 12.00
# Visual Studio Version 17
VisualStudioVersion = 17.9.34723.18
MinimumVisualStudioVersion = 10.0.40219.1
Project("{8BC9CEB8-8B4A-11D0-8D11-00A0C91BC942}") = "SeEntãoIfElse", "SeEntãoIfElse.vcxproj", "{63BA7B1C-ABD3-4AD7-8B51-FD2BB24D092B}"
EndProject
Global
	GlobalSection(SolutionConfigurationPlatforms) = preSolution
		Debug|x64 = Debug|x64
		Debug|x86 = Debug|x86
		Release|x64 = Release|x64
		Release|x86 = Release|x86
	EndGlobalSection
	GlobalSection(ProjectConfigurationPlatforms) = postSolution
		{63BA7B1C-ABD3-4AD7-8B51-FD2BB24D092B}.Debug|x64.ActiveCfg = Debug|x64
		{63BA7B1C-ABD3-4AD7-8B51-FD2BB24D092B}.Debug|x64.Build.0 = Debug|x64
		{63BA7B1C-ABD3-4AD7-8B51-FD2BB24D092B}.Debug|x86.ActiveCfg = Debug|Win32
		{63BA7B1C-ABD3-4AD7-8B51-FD2BB24D092B}.Debug|x86.Build.0 = Debug|Win32
		{63BA7B1C-ABD3-4AD7-8B51-FD2BB24D092B}.Release|x64.ActiveCfg = Release|x64
		{63BA7B1C-ABD3-4AD7-8B51-FD2BB24D092B}.Release|x64.Build.0 = Release|x64
		{63BA7B1C-ABD3-4AD7-8B51-FD2BB24D092B}.Release|x86.ActiveCfg = Release|Win32
		{63BA7B1C-ABD3-4AD7-8B51-FD2BB24D092B}.Release|x86.Build.0 = Release|Win32
	EndGlobalSection
	GlobalSection(SolutionProperties) = preSolution
		HideSolutionNode = FALSE
	EndGlobalSection
	GlobalSection(ExtensibilityGlobals) = postSolution
		SolutionGuid = {FC4CFC02-CEBB-46B8-AE84-528B9AEEEB4B}
	EndGlobalSection
EndGlobal
